
Microsoft Visual Studio Solution File, Format Version 12.00
# Visual Studio 15
VisualStudioVersion = 15.0.28307.852
MinimumVisualStudioVersion = 10.0.40219.1
Project("{FAE04EC0-301F-11D3-BF4B-00C04F79EFBC}") = "Server", "Server\Server.csproj", "{92E79D50-B691-4AE1-82FE-121AAF73F382}"
EndProject
Global
	GlobalSection(SolutionConfigurationPlatforms) = preSolution
		Debug|Any CPU = Debug|Any CPU
		Release|Any CPU = Release|Any CPU
	EndGlobalSection
	GlobalSection(ProjectConfigurationPlatforms) = postSolution
		{92E79D50-B691-4AE1-82FE-121AAF73F382}.Debug|Any CPU.ActiveCfg = Debug|Any CPU
		{92E79D50-B691-4AE1-82FE-121AAF73F382}.Debug|Any CPU.Build.0 = Debug|Any CPU
		{92E79D50-B691-4AE1-82FE-121AAF73F382}.Release|Any CPU.ActiveCfg = Release|Any CPU
		{92E79D50-B691-4AE1-82FE-121AAF73F382}.Release|Any CPU.Build.0 = Release|Any CPU
	EndGlobalSection
	GlobalSection(SolutionProperties) = preSolution
		HideSolutionNode = FALSE
	EndGlobalSection
	GlobalSection(ExtensibilityGlobals) = postSolution
		SolutionGuid = {7EB30CC4-A02D-4F5D-8C09-BBC5B99030EE}
	EndGlobalSection
EndGlobal
